github.com/google/go-cmp v0.6.0 h1:ofyhxvXcZhMsU5ulbFiLKl/XBFqE1GSq7atu8tAmTRI=
github.com/google/go-cmp v0.6.0/go.mod h1:17dUlkBOakJ0+DkrSSNjCkIjxS6bF9zb3elmeNGIjoY=
github.com/shoenig/go-m1cpu v0.2.0 h1:t4GNqvPZ84Vjtpboo/kT3pIkbaK3vc+JIlD/Wz1zSFY=
github.com/shoenig/go-m1cpu v0.2.0/go.mod h1:KkDOw6m3ZJQAPHbrzkZki4hnx+pDRR1Lo+ldA56wD5w=
github.com/shoenig/test v1.7.0 h1:eWcHtTXa6QLnBvm0jgEabMRN/uJ4DMV3M8xUGgRkZmk=
github.com/shoenig/test v1.7.0/go.mod h1:UxJ6u/x2v/TNs/LoLxBNJRV9DiwBBKYxXSyczsBHFoI=
